// !$*UTF8*$!
{
	archiveVersion = 1;
	classes = {
	};
	objectVersion = 56;
	objects = {

/* Begin PBXBuildFile section */
		AA0000000000000000000020 /* FluxDeckNativeApp.swift in Sources */ = {isa = PBXBuildFile; fileRef = AA0000000000000000000010 /* FluxDeckNativeApp.swift */; };
		AA0000000000000000000021 /* ContentView.swift in Sources */ = {isa = PBXBuildFile; fileRef = AA0000000000000000000011 /* ContentView.swift */; };
		AA0000000000000000000026 /* AppNavigation.swift in Sources */ = {isa = PBXBuildFile; fileRef = AA0000000000000000000018 /* AppNavigation.swift */; };
		AA0000000000000000000027 /* DesignTokens.swift in Sources */ = {isa = PBXBuildFile; fileRef = AA0000000000000000000019 /* DesignTokens.swift */; };
		AA0000000000000000000028 /* SurfaceCard.swift in Sources */ = {isa = PBXBuildFile; fileRef = AA000000000000000000001A /* SurfaceCard.swift */; };
		AA0000000000000000000029 /* StatusPill.swift in Sources */ = {isa = PBXBuildFile; fileRef = AA000000000000000000001B /* StatusPill.swift */; };
		AA000000000000000000002A /* AppShellView.swift in Sources */ = {isa = PBXBuildFile; fileRef = AA000000000000000000001C /* AppShellView.swift */; };
		AA000000000000000000002B /* SidebarView.swift in Sources */ = {isa = PBXBuildFile; fileRef = AA000000000000000000001D /* SidebarView.swift */; };
		AA000000000000000000002C /* TopModeBar.swift in Sources */ = {isa = PBXBuildFile; fileRef = AA000000000000000000001E /* TopModeBar.swift */; };
		AA000000000000000000002D /* OverviewDashboardView.swift in Sources */ = {isa = PBXBuildFile; fileRef = AA000000000000000000001F /* OverviewDashboardView.swift */; };
		AA000000000000000000002E /* OverviewModels.swift in Sources */ = {isa = PBXBuildFile; fileRef = AA000000000000000000002F /* OverviewModels.swift */; };
		AA0000000000000000000039 /* TrafficAnalyticsView.swift in Sources */ = {isa = PBXBuildFile; fileRef = AA000000000000000000003A /* TrafficAnalyticsView.swift */; };
		AA000000000000000000003B /* ConnectionsView.swift in Sources */ = {isa = PBXBuildFile; fileRef = AA000000000000000000003C /* ConnectionsView.swift */; };
		AA000000000000000000003D /* TrafficConnectionsModels.swift in Sources */ = {isa = PBXBuildFile; fileRef = AA000000000000000000003E /* TrafficConnectionsModels.swift */; };
		AA0000000000000000000070 /* ResourceWorkspaceModels.swift in Sources */ = {isa = PBXBuildFile; fileRef = AA0000000000000000000071 /* ResourceWorkspaceModels.swift */; };
		AA0000000000000000000072 /* LogsWorkbenchView.swift in Sources */ = {isa = PBXBuildFile; fileRef = AA0000000000000000000073 /* LogsWorkbenchView.swift */; };
		AA0000000000000000000074 /* SettingsPanelView.swift in Sources */ = {isa = PBXBuildFile; fileRef = AA0000000000000000000075 /* SettingsPanelView.swift */; };
		AA0000000000000000000076 /* SettingsModels.swift in Sources */ = {isa = PBXBuildFile; fileRef = AA0000000000000000000077 /* SettingsModels.swift */; };
		AA0000000000000000000035 /* TopologyCanvasView.swift in Sources */ = {isa = PBXBuildFile; fileRef = AA0000000000000000000036 /* TopologyCanvasView.swift */; };
		AA0000000000000000000037 /* TopologyModels.swift in Sources */ = {isa = PBXBuildFile; fileRef = AA0000000000000000000038 /* TopologyModels.swift */; };
		AA0000000000000000000022 /* FluxDeckNativeTests.swift in Sources */ = {isa = PBXBuildFile; fileRef = AA0000000000000000000012 /* FluxDeckNativeTests.swift */; };
		AA0000000000000000000023 /* AdminApiClient.swift in Sources */ = {isa = PBXBuildFile; fileRef = AA0000000000000000000015 /* AdminApiClient.swift */; };
		AA0000000000000000000024 /* ProviderListView.swift in Sources */ = {isa = PBXBuildFile; fileRef = AA0000000000000000000016 /* ProviderListView.swift */; };
		AA0000000000000000000025 /* GatewayListView.swift in Sources */ = {isa = PBXBuildFile; fileRef = AA0000000000000000000017 /* GatewayListView.swift */; };
/* End PBXBuildFile section */

/* Begin PBXContainerItemProxy section */
		AA0000000000000000000043 /* PBXContainerItemProxy */ = {
			isa = PBXContainerItemProxy;
			containerPortal = AA0000000000000000000001 /* Project object */;
			proxyType = 1;
			remoteGlobalIDString = AA0000000000000000000040;
			remoteInfo = FluxDeckNative;
		};
/* End PBXContainerItemProxy section */

/* Begin PBXFileReference section */
		AA0000000000000000000010 /* FluxDeckNativeApp.swift */ = {isa = PBXFileReference; lastKnownFileType = sourcecode.swift; path = FluxDeckNativeApp.swift; sourceTree = "<group>"; };
		AA0000000000000000000011 /* ContentView.swift */ = {isa = PBXFileReference; lastKnownFileType = sourcecode.swift; path = ContentView.swift; sourceTree = "<group>"; };
		AA0000000000000000000012 /* FluxDeckNativeTests.swift */ = {isa = PBXFileReference; lastKnownFileType = sourcecode.swift; path = FluxDeckNativeTests.swift; sourceTree = "<group>"; };
		AA0000000000000000000013 /* FluxDeckNative.app */ = {isa = PBXFileReference; explicitFileType = wrapper.application; includeInIndex = 0; path = FluxDeckNative.app; sourceTree = BUILT_PRODUCTS_DIR; };
		AA0000000000000000000014 /* FluxDeckNativeTests.xctest */ = {isa = PBXFileReference; explicitFileType = wrapper.cfbundle; includeInIndex = 0; path = FluxDeckNativeTests.xctest; sourceTree = BUILT_PRODUCTS_DIR; };
		AA0000000000000000000015 /* AdminApiClient.swift */ = {isa = PBXFileReference; lastKnownFileType = sourcecode.swift; path = AdminApiClient.swift; sourceTree = "<group>"; };
		AA0000000000000000000016 /* ProviderListView.swift */ = {isa = PBXFileReference; lastKnownFileType = sourcecode.swift; path = ProviderListView.swift; sourceTree = "<group>"; };
		AA0000000000000000000017 /* GatewayListView.swift */ = {isa = PBXFileReference; lastKnownFileType = sourcecode.swift; path = GatewayListView.swift; sourceTree = "<group>"; };
		AA0000000000000000000018 /* AppNavigation.swift */ = {isa = PBXFileReference; lastKnownFileType = sourcecode.swift; path = AppNavigation.swift; sourceTree = "<group>"; };
		AA0000000000000000000019 /* DesignTokens.swift */ = {isa = PBXFileReference; lastKnownFileType = sourcecode.swift; path = DesignTokens.swift; sourceTree = "<group>"; };
		AA000000000000000000001A /* SurfaceCard.swift */ = {isa = PBXFileReference; lastKnownFileType = sourcecode.swift; path = SurfaceCard.swift; sourceTree = "<group>"; };
		AA000000000000000000001B /* StatusPill.swift */ = {isa = PBXFileReference; lastKnownFileType = sourcecode.swift; path = StatusPill.swift; sourceTree = "<group>"; };
		AA000000000000000000001C /* AppShellView.swift */ = {isa = PBXFileReference; lastKnownFileType = sourcecode.swift; path = AppShellView.swift; sourceTree = "<group>"; };
		AA000000000000000000001D /* SidebarView.swift */ = {isa = PBXFileReference; lastKnownFileType = sourcecode.swift; path = SidebarView.swift; sourceTree = "<group>"; };
		AA000000000000000000001E /* TopModeBar.swift */ = {isa = PBXFileReference; lastKnownFileType = sourcecode.swift; path = TopModeBar.swift; sourceTree = "<group>"; };
		AA000000000000000000001F /* OverviewDashboardView.swift */ = {isa = PBXFileReference; lastKnownFileType = sourcecode.swift; path = OverviewDashboardView.swift; sourceTree = "<group>"; };
		AA000000000000000000002F /* OverviewModels.swift */ = {isa = PBXFileReference; lastKnownFileType = sourcecode.swift; path = OverviewModels.swift; sourceTree = "<group>"; };
		AA000000000000000000003A /* TrafficAnalyticsView.swift */ = {isa = PBXFileReference; lastKnownFileType = sourcecode.swift; path = TrafficAnalyticsView.swift; sourceTree = "<group>"; };
		AA000000000000000000003C /* ConnectionsView.swift */ = {isa = PBXFileReference; lastKnownFileType = sourcecode.swift; path = ConnectionsView.swift; sourceTree = "<group>"; };
		AA000000000000000000003E /* TrafficConnectionsModels.swift */ = {isa = PBXFileReference; lastKnownFileType = sourcecode.swift; path = TrafficConnectionsModels.swift; sourceTree = "<group>"; };
		AA0000000000000000000071 /* ResourceWorkspaceModels.swift */ = {isa = PBXFileReference; lastKnownFileType = sourcecode.swift; path = ResourceWorkspaceModels.swift; sourceTree = "<group>"; };
		AA0000000000000000000073 /* LogsWorkbenchView.swift */ = {isa = PBXFileReference; lastKnownFileType = sourcecode.swift; path = LogsWorkbenchView.swift; sourceTree = "<group>"; };
		AA0000000000000000000075 /* SettingsPanelView.swift */ = {isa = PBXFileReference; lastKnownFileType = sourcecode.swift; path = SettingsPanelView.swift; sourceTree = "<group>"; };
		AA0000000000000000000077 /* SettingsModels.swift */ = {isa = PBXFileReference; lastKnownFileType = sourcecode.swift; path = SettingsModels.swift; sourceTree = "<group>"; };
		AA0000000000000000000036 /* TopologyCanvasView.swift */ = {isa = PBXFileReference; lastKnownFileType = sourcecode.swift; path = TopologyCanvasView.swift; sourceTree = "<group>"; };
		AA0000000000000000000038 /* TopologyModels.swift */ = {isa = PBXFileReference; lastKnownFileType = sourcecode.swift; path = TopologyModels.swift; sourceTree = "<group>"; };
/* End PBXFileReference section */

/* Begin PBXFrameworksBuildPhase section */
		AA0000000000000000000031 /* Frameworks */ = {
			isa = PBXFrameworksBuildPhase;
			buildActionMask = 2147483647;
			files = (
			);
			runOnlyForDeploymentPostprocessing = 0;
		};
		AA0000000000000000000034 /* Frameworks */ = {
			isa = PBXFrameworksBuildPhase;
			buildActionMask = 2147483647;
			files = (
			);
			runOnlyForDeploymentPostprocessing = 0;
		};
/* End PBXFrameworksBuildPhase section */

/* Begin PBXGroup section */
		AA0000000000000000000002 = {
			isa = PBXGroup;
			children = (
				AA0000000000000000000004 /* App */,
				AA0000000000000000000006 /* Features */,
				AA0000000000000000000008 /* UI */,
				AA0000000000000000000007 /* Networking */,
				AA0000000000000000000005 /* FluxDeckNativeTests */,
				AA0000000000000000000003 /* Products */,
			);
			sourceTree = "<group>";
		};
		AA0000000000000000000003 /* Products */ = {
			isa = PBXGroup;
			children = (
				AA0000000000000000000013 /* FluxDeckNative.app */,
				AA0000000000000000000014 /* FluxDeckNativeTests.xctest */,
			);
			name = Products;
			sourceTree = "<group>";
		};
		AA0000000000000000000004 /* App */ = {
			isa = PBXGroup;
			children = (
				AA0000000000000000000010 /* FluxDeckNativeApp.swift */,
				AA0000000000000000000011 /* ContentView.swift */,
				AA0000000000000000000018 /* AppNavigation.swift */,
			);
			path = FluxDeckNative/App;
			sourceTree = SOURCE_ROOT;
		};
		AA0000000000000000000005 /* FluxDeckNativeTests */ = {
			isa = PBXGroup;
			children = (
				AA0000000000000000000012 /* FluxDeckNativeTests.swift */,
			);
			path = FluxDeckNativeTests;
			sourceTree = SOURCE_ROOT;
		};
		AA0000000000000000000006 /* Features */ = {
			isa = PBXGroup;
			children = (
				AA000000000000000000003A /* TrafficAnalyticsView.swift */,
				AA000000000000000000003C /* ConnectionsView.swift */,
				AA000000000000000000003E /* TrafficConnectionsModels.swift */,
				AA0000000000000000000071 /* ResourceWorkspaceModels.swift */,
				AA0000000000000000000073 /* LogsWorkbenchView.swift */,
				AA0000000000000000000075 /* SettingsPanelView.swift */,
				AA0000000000000000000077 /* SettingsModels.swift */,
				AA000000000000000000001F /* OverviewDashboardView.swift */,
				AA000000000000000000002F /* OverviewModels.swift */,
				AA0000000000000000000036 /* TopologyCanvasView.swift */,
				AA0000000000000000000038 /* TopologyModels.swift */,
				AA0000000000000000000016 /* ProviderListView.swift */,
				AA0000000000000000000017 /* GatewayListView.swift */,
			);
			path = FluxDeckNative/Features;
			sourceTree = SOURCE_ROOT;
		};
		AA0000000000000000000007 /* Networking */ = {
			isa = PBXGroup;
			children = (
				AA0000000000000000000015 /* AdminApiClient.swift */,
			);
			path = FluxDeckNative/Networking;
			sourceTree = SOURCE_ROOT;
		};
		AA0000000000000000000008 /* UI */ = {
			isa = PBXGroup;
			children = (
				AA0000000000000000000019 /* DesignTokens.swift */,
				AA000000000000000000001A /* SurfaceCard.swift */,
				AA000000000000000000001B /* StatusPill.swift */,
				AA000000000000000000001C /* AppShellView.swift */,
				AA000000000000000000001D /* SidebarView.swift */,
				AA000000000000000000001E /* TopModeBar.swift */,
			);
			path = FluxDeckNative/UI;
			sourceTree = SOURCE_ROOT;
		};
/* End PBXGroup section */

/* Begin PBXNativeTarget section */
		AA0000000000000000000040 /* FluxDeckNative */ = {
			isa = PBXNativeTarget;
			buildConfigurationList = AA0000000000000000000051 /* Build configuration list for PBXNativeTarget "FluxDeckNative" */;
			buildPhases = (
				AA0000000000000000000030 /* Sources */,
				AA0000000000000000000031 /* Frameworks */,
				AA0000000000000000000032 /* Resources */,
			);
			buildRules = (
			);
			dependencies = (
			);
			name = FluxDeckNative;
			productName = FluxDeckNative;
			productReference = AA0000000000000000000013 /* FluxDeckNative.app */;
			productType = "com.apple.product-type.application";
		};
		AA0000000000000000000041 /* FluxDeckNativeTests */ = {
			isa = PBXNativeTarget;
			buildConfigurationList = AA0000000000000000000052 /* Build configuration list for PBXNativeTarget "FluxDeckNativeTests" */;
			buildPhases = (
				AA0000000000000000000033 /* Sources */,
				AA0000000000000000000034 /* Frameworks */,
			);
			buildRules = (
			);
			dependencies = (
				AA0000000000000000000042 /* PBXTargetDependency */,
			);
			name = FluxDeckNativeTests;
			productName = FluxDeckNativeTests;
			productReference = AA0000000000000000000014 /* FluxDeckNativeTests.xctest */;
			productType = "com.apple.product-type.bundle.unit-test";
		};
/* End PBXNativeTarget section */

/* Begin PBXProject section */
		AA0000000000000000000001 /* Project object */ = {
			isa = PBXProject;
			attributes = {
				BuildIndependentTargetsInParallel = 1;
				LastSwiftUpdateCheck = 1600;
				LastUpgradeCheck = 1600;
				TargetAttributes = {
					AA0000000000000000000040 = {
						CreatedOnToolsVersion = 16.0;
					};
					AA0000000000000000000041 = {
						CreatedOnToolsVersion = 16.0;
						TestTargetID = AA0000000000000000000040;
					};
				};
			};
			buildConfigurationList = AA0000000000000000000050 /* Build configuration list for PBXProject "FluxDeckNative" */;
			compatibilityVersion = "Xcode 15.0";
			developmentRegion = en;
			hasScannedForEncodings = 0;
			knownRegions = (
				en,
				Base,
			);
			mainGroup = AA0000000000000000000002;
			productRefGroup = AA0000000000000000000003 /* Products */;
			projectDirPath = "";
			projectRoot = "";
			targets = (
				AA0000000000000000000040 /* FluxDeckNative */,
				AA0000000000000000000041 /* FluxDeckNativeTests */,
			);
		};
/* End PBXProject section */

/* Begin PBXResourcesBuildPhase section */
		AA0000000000000000000032 /* Resources */ = {
			isa = PBXResourcesBuildPhase;
			buildActionMask = 2147483647;
			files = (
			);
			runOnlyForDeploymentPostprocessing = 0;
		};
/* End PBXResourcesBuildPhase section */

/* Begin PBXSourcesBuildPhase section */
		AA0000000000000000000030 /* Sources */ = {
			isa = PBXSourcesBuildPhase;
			buildActionMask = 2147483647;
			files = (
				AA0000000000000000000020 /* FluxDeckNativeApp.swift in Sources */,
				AA0000000000000000000021 /* ContentView.swift in Sources */,
				AA0000000000000000000026 /* AppNavigation.swift in Sources */,
				AA0000000000000000000027 /* DesignTokens.swift in Sources */,
				AA0000000000000000000028 /* SurfaceCard.swift in Sources */,
				AA0000000000000000000029 /* StatusPill.swift in Sources */,
				AA000000000000000000002A /* AppShellView.swift in Sources */,
				AA000000000000000000002B /* SidebarView.swift in Sources */,
				AA000000000000000000002C /* TopModeBar.swift in Sources */,
				AA000000000000000000002D /* OverviewDashboardView.swift in Sources */,
				AA000000000000000000002E /* OverviewModels.swift in Sources */,
				AA0000000000000000000039 /* TrafficAnalyticsView.swift in Sources */,
				AA000000000000000000003B /* ConnectionsView.swift in Sources */,
				AA000000000000000000003D /* TrafficConnectionsModels.swift in Sources */,
				AA0000000000000000000070 /* ResourceWorkspaceModels.swift in Sources */,
				AA0000000000000000000072 /* LogsWorkbenchView.swift in Sources */,
				AA0000000000000000000074 /* SettingsPanelView.swift in Sources */,
				AA0000000000000000000076 /* SettingsModels.swift in Sources */,
				AA0000000000000000000035 /* TopologyCanvasView.swift in Sources */,
				AA0000000000000000000037 /* TopologyModels.swift in Sources */,
				AA0000000000000000000023 /* AdminApiClient.swift in Sources */,
				AA0000000000000000000024 /* ProviderListView.swift in Sources */,
				AA0000000000000000000025 /* GatewayListView.swift in Sources */,
			);
			runOnlyForDeploymentPostprocessing = 0;
		};
		AA0000000000000000000033 /* Sources */ = {
			isa = PBXSourcesBuildPhase;
			buildActionMask = 2147483647;
			files = (
				AA0000000000000000000022 /* FluxDeckNativeTests.swift in Sources */,
			);
			runOnlyForDeploymentPostprocessing = 0;
		};
/* End PBXSourcesBuildPhase section */

/* Begin PBXTargetDependency section */
		AA0000000000000000000042 /* PBXTargetDependency */ = {
			isa = PBXTargetDependency;
			target = AA0000000000000000000040 /* FluxDeckNative */;
			targetProxy = AA0000000000000000000043 /* PBXContainerItemProxy */;
		};
/* End PBXTargetDependency section */

/* Begin XCBuildConfiguration section */
		AA0000000000000000000060 /* Debug */ = {
			isa = XCBuildConfiguration;
			buildSettings = {
				ALWAYS_SEARCH_USER_PATHS = NO;
				CLANG_ENABLE_MODULES = YES;
				CLANG_ENABLE_OBJC_ARC = YES;
				COPY_PHASE_STRIP = NO;
				DEBUG_INFORMATION_FORMAT = dwarf;
				ENABLE_STRICT_OBJC_MSGSEND = YES;
				GCC_C_LANGUAGE_STANDARD = gnu17;
				GCC_OPTIMIZATION_LEVEL = 0;
				MACOSX_DEPLOYMENT_TARGET = 13.0;
				SDKROOT = macosx;
				SWIFT_OPTIMIZATION_LEVEL = "-Onone";
			};
			name = Debug;
		};
		AA0000000000000000000061 /* Release */ = {
			isa = XCBuildConfiguration;
			buildSettings = {
				ALWAYS_SEARCH_USER_PATHS = NO;
				CLANG_ENABLE_MODULES = YES;
				CLANG_ENABLE_OBJC_ARC = YES;
				COPY_PHASE_STRIP = NO;
				DEBUG_INFORMATION_FORMAT = "dwarf-with-dsym";
				ENABLE_NS_ASSERTIONS = NO;
				ENABLE_STRICT_OBJC_MSGSEND = YES;
				GCC_C_LANGUAGE_STANDARD = gnu17;
				MACOSX_DEPLOYMENT_TARGET = 13.0;
				SDKROOT = macosx;
				SWIFT_COMPILATION_MODE = wholemodule;
			};
			name = Release;
		};
		AA0000000000000000000062 /* Debug */ = {
			isa = XCBuildConfiguration;
			buildSettings = {
				CODE_SIGN_STYLE = Automatic;
				CURRENT_PROJECT_VERSION = 1;
				GENERATE_INFOPLIST_FILE = YES;
				MACOSX_DEPLOYMENT_TARGET = 13.0;
				MARKETING_VERSION = 1.0;
				DEFINES_MODULE = YES;
				ENABLE_TESTABILITY = YES;
				PRODUCT_BUNDLE_IDENTIFIER = com.fluxdeck.native;
				PRODUCT_NAME = "$(TARGET_NAME)";
				SDKROOT = macosx;
				SWIFT_EMIT_LOC_STRINGS = YES;
				SWIFT_VERSION = 5.0;
			};
			name = Debug;
		};
		AA0000000000000000000063 /* Release */ = {
			isa = XCBuildConfiguration;
			buildSettings = {
				CODE_SIGN_STYLE = Automatic;
				CURRENT_PROJECT_VERSION = 1;
				GENERATE_INFOPLIST_FILE = YES;
				MACOSX_DEPLOYMENT_TARGET = 13.0;
				MARKETING_VERSION = 1.0;
				DEFINES_MODULE = YES;
				PRODUCT_BUNDLE_IDENTIFIER = com.fluxdeck.native;
				PRODUCT_NAME = "$(TARGET_NAME)";
				SDKROOT = macosx;
				SWIFT_EMIT_LOC_STRINGS = YES;
				SWIFT_VERSION = 5.0;
			};
			name = Release;
		};
		AA0000000000000000000064 /* Debug */ = {
			isa = XCBuildConfiguration;
			buildSettings = {
				CODE_SIGN_STYLE = Automatic;
				GENERATE_INFOPLIST_FILE = YES;
				MACOSX_DEPLOYMENT_TARGET = 13.0;
				PRODUCT_BUNDLE_IDENTIFIER = com.fluxdeck.native.tests;
				PRODUCT_NAME = "$(TARGET_NAME)";
				SDKROOT = macosx;
				SWIFT_VERSION = 5.0;
				TEST_HOST = "$(BUILT_PRODUCTS_DIR)/FluxDeckNative.app/Contents/MacOS/FluxDeckNative";
				BUNDLE_LOADER = "$(TEST_HOST)";
			};
			name = Debug;
		};
		AA0000000000000000000065 /* Release */ = {
			isa = XCBuildConfiguration;
			buildSettings = {
				CODE_SIGN_STYLE = Automatic;
				GENERATE_INFOPLIST_FILE = YES;
				MACOSX_DEPLOYMENT_TARGET = 13.0;
				PRODUCT_BUNDLE_IDENTIFIER = com.fluxdeck.native.tests;
				PRODUCT_NAME = "$(TARGET_NAME)";
				SDKROOT = macosx;
				SWIFT_VERSION = 5.0;
				TEST_HOST = "$(BUILT_PRODUCTS_DIR)/FluxDeckNative.app/Contents/MacOS/FluxDeckNative";
				BUNDLE_LOADER = "$(TEST_HOST)";
			};
			name = Release;
		};
/* End XCBuildConfiguration section */

/* Begin XCConfigurationList section */
		AA0000000000000000000050 /* Build configuration list for PBXProject "FluxDeckNative" */ = {
			isa = XCConfigurationList;
			buildConfigurations = (
				AA0000000000000000000060 /* Debug */,
				AA0000000000000000000061 /* Release */,
			);
			defaultConfigurationIsVisible = 0;
			defaultConfigurationName = Release;
		};
		AA0000000000000000000051 /* Build configuration list for PBXNativeTarget "FluxDeckNative" */ = {
			isa = XCConfigurationList;
			buildConfigurations = (
				AA0000000000000000000062 /* Debug */,
				AA0000000000000000000063 /* Release */,
			);
			defaultConfigurationIsVisible = 0;
			defaultConfigurationName = Release;
		};
		AA0000000000000000000052 /* Build configuration list for PBXNativeTarget "FluxDeckNativeTests" */ = {
			isa = XCConfigurationList;
			buildConfigurations = (
				AA0000000000000000000064 /* Debug */,
				AA0000000000000000000065 /* Release */,
			);
			defaultConfigurationIsVisible = 0;
			defaultConfigurationName = Release;
		};
/* End XCConfigurationList section */
	};
	rootObject = AA0000000000000000000001 /* Project object */;
}
